
Microsoft Visual Studio Solution File, Format Version 12.00
# Visual Studio Version 17
VisualStudioVersion = 17.7.34018.315
MinimumVisualStudioVersion = 10.0.40219.1
Project("{9A19103F-16F7-4668-BE54-9A1E7A4F7556}") = "FizzBuzzWasm_v2", "FizzBuzzWasm_v2.csproj", "{A7A912A5-2707-400A-8617-10C098664708}"
EndProject
Global
	GlobalSection(SolutionConfigurationPlatforms) = preSolution
		Debug|Any CPU = Debug|Any CPU
		Release|Any CPU = Release|Any CPU
	EndGlobalSection
	GlobalSection(ProjectConfigurationPlatforms) = postSolution
		{A7A912A5-2707-400A-8617-10C098664708}.Debug|Any CPU.ActiveCfg = Debug|Any CPU
		{A7A912A5-2707-400A-8617-10C098664708}.Debug|Any CPU.Build.0 = Debug|Any CPU
		{A7A912A5-2707-400A-8617-10C098664708}.Release|Any CPU.ActiveCfg = Release|Any CPU
		{A7A912A5-2707-400A-8617-10C098664708}.Release|Any CPU.Build.0 = Release|Any CPU
	EndGlobalSection
	GlobalSection(SolutionProperties) = preSolution
		HideSolutionNode = FALSE
	EndGlobalSection
	GlobalSection(ExtensibilityGlobals) = postSolution
		SolutionGuid = {E253E071-6479-43AE-8029-88069412F156}
	EndGlobalSection
EndGlobal
